
Microsoft Visual Studio Solution File, Format Version 12.00
# Visual Studio Version 17
VisualStudioVersion = 17.3.32811.315
MinimumVisualStudioVersion = 10.0.40219.1
Project("{FAE04EC0-301F-11D3-BF4B-00C04F79EFBC}") = "employee", "employee\employee.csproj", "{987471AB-B732-4F9E-B40C-FCDC8849CC1A}"
EndProject
Global
	GlobalSection(SolutionConfigurationPlatforms) = preSolution
		Debug|Any CPU = Debug|Any CPU
		Release|Any CPU = Release|Any CPU
	EndGlobalSection
	GlobalSection(ProjectConfigurationPlatforms) = postSolution
		{987471AB-B732-4F9E-B40C-FCDC8849CC1A}.Debug|Any CPU.ActiveCfg = Debug|Any CPU
		{987471AB-B732-4F9E-B40C-FCDC8849CC1A}.Debug|Any CPU.Build.0 = Debug|Any CPU
		{987471AB-B732-4F9E-B40C-FCDC8849CC1A}.Release|Any CPU.ActiveCfg = Release|Any CPU
		{987471AB-B732-4F9E-B40C-FCDC8849CC1A}.Release|Any CPU.Build.0 = Release|Any CPU
	EndGlobalSection
	GlobalSection(SolutionProperties) = preSolution
		HideSolutionNode = FALSE
	EndGlobalSection
	GlobalSection(ExtensibilityGlobals) = postSolution
		SolutionGuid = {21A8C823-5A30-4049-BACA-C055DC90575B}
	EndGlobalSection
EndGlobal
