
Microsoft Visual Studio Solution File, Format Version 12.00
# Visual Studio Version 17
VisualStudioVersion = 17.7.34031.279
MinimumVisualStudioVersion = 10.0.40219.1
Project("{FAE04EC0-301F-11D3-BF4B-00C04F79EFBC}") = "ObserverWeatherStation", "ObserverWeatherStation\ObserverWeatherStation.csproj", "{5D8B89F2-B8D3-46B1-B494-67E403A7768B}"
EndProject
Global
	GlobalSection(SolutionConfigurationPlatforms) = preSolution
		Debug|Any CPU = Debug|Any CPU
		Release|Any CPU = Release|Any CPU
	EndGlobalSection
	GlobalSection(ProjectConfigurationPlatforms) = postSolution
		{5D8B89F2-B8D3-46B1-B494-67E403A7768B}.Debug|Any CPU.ActiveCfg = Debug|Any CPU
		{5D8B89F2-B8D3-46B1-B494-67E403A7768B}.Debug|Any CPU.Build.0 = Debug|Any CPU
		{5D8B89F2-B8D3-46B1-B494-67E403A7768B}.Release|Any CPU.ActiveCfg = Release|Any CPU
		{5D8B89F2-B8D3-46B1-B494-67E403A7768B}.Release|Any CPU.Build.0 = Release|Any CPU
	EndGlobalSection
	GlobalSection(SolutionProperties) = preSolution
		HideSolutionNode = FALSE
	EndGlobalSection
	GlobalSection(ExtensibilityGlobals) = postSolution
		SolutionGuid = {C66EA5FD-AABA-411F-87C8-8B4024CC3441}
	EndGlobalSection
EndGlobal
